
Microsoft Visual Studio Solution File, Format Version 12.00
# Visual Studio Version 16
VisualStudioVersion = 16.0.29411.108
MinimumVisualStudioVersion = 10.0.40219.1
Project("{FAE04EC0-301F-11D3-BF4B-00C04F79EFBC}") = "PipeServer", "PipeServer\PipeServer.csproj", "{023C88F7-D984-4944-9C4D-A515A9A915CC}"
EndProject
Global
	GlobalSection(SolutionConfigurationPlatforms) = preSolution
		Debug|Any CPU = Debug|Any CPU
		Release|Any CPU = Release|Any CPU
	EndGlobalSection
	GlobalSection(ProjectConfigurationPlatforms) = postSolution
		{023C88F7-D984-4944-9C4D-A515A9A915CC}.Debug|Any CPU.ActiveCfg = Debug|Any CPU
		{023C88F7-D984-4944-9C4D-A515A9A915CC}.Debug|Any CPU.Build.0 = Debug|Any CPU
		{023C88F7-D984-4944-9C4D-A515A9A915CC}.Release|Any CPU.ActiveCfg = Release|Any CPU
		{023C88F7-D984-4944-9C4D-A515A9A915CC}.Release|Any CPU.Build.0 = Release|Any CPU
	EndGlobalSection
	GlobalSection(SolutionProperties) = preSolution
		HideSolutionNode = FALSE
	EndGlobalSection
	GlobalSection(ExtensibilityGlobals) = postSolution
		SolutionGuid = {F22156D8-1B0A-4263-ACE7-C95B54A25280}
	EndGlobalSection
EndGlobal
