
Microsoft Visual Studio Solution File, Format Version 12.00
# Visual Studio Version 16
VisualStudioVersion = 16.0.29411.108
MinimumVisualStudioVersion = 10.0.40219.1
Project("{FAE04EC0-301F-11D3-BF4B-00C04F79EFBC}") = "PipeClient", "PipeClient\PipeClient.csproj", "{89682C80-0AA9-4D19-89DC-2423DE710966}"
EndProject
Global
	GlobalSection(SolutionConfigurationPlatforms) = preSolution
		Debug|Any CPU = Debug|Any CPU
		Release|Any CPU = Release|Any CPU
	EndGlobalSection
	GlobalSection(ProjectConfigurationPlatforms) = postSolution
		{89682C80-0AA9-4D19-89DC-2423DE710966}.Debug|Any CPU.ActiveCfg = Debug|Any CPU
		{89682C80-0AA9-4D19-89DC-2423DE710966}.Debug|Any CPU.Build.0 = Debug|Any CPU
		{89682C80-0AA9-4D19-89DC-2423DE710966}.Release|Any CPU.ActiveCfg = Release|Any CPU
		{89682C80-0AA9-4D19-89DC-2423DE710966}.Release|Any CPU.Build.0 = Release|Any CPU
	EndGlobalSection
	GlobalSection(SolutionProperties) = preSolution
		HideSolutionNode = FALSE
	EndGlobalSection
	GlobalSection(ExtensibilityGlobals) = postSolution
		SolutionGuid = {7CA5216A-58AB-426D-844C-7AEA38B73F0F}
	EndGlobalSection
EndGlobal
